
Microsoft Visual Studio Solution File, Format Version 12.00
# Visual Studio Version 17
VisualStudioVersion = 17.4.33213.308
MinimumVisualStudioVersion = 10.0.40219.1
Project("{FAE04EC0-301F-11D3-BF4B-00C04F79EFBC}") = "Core", "Core\Core.csproj", "{42653ABE-21BA-4124-98F2-CF01EF10A012}"
EndProject
Project("{FAE04EC0-301F-11D3-BF4B-00C04F79EFBC}") = "CrudApi", "CrudApi\CrudApi.csproj", "{F29FF786-AEFE-48CB-A81D-99632AE81C68}"
EndProject
Global
	GlobalSection(SolutionConfigurationPlatforms) = preSolution
		Debug|Any CPU = Debug|Any CPU
		Release|Any CPU = Release|Any CPU
	EndGlobalSection
	GlobalSection(ProjectConfigurationPlatforms) = postSolution
		{42653ABE-21BA-4124-98F2-CF01EF10A012}.Debug|Any CPU.ActiveCfg = Debug|Any CPU
		{42653ABE-21BA-4124-98F2-CF01EF10A012}.Debug|Any CPU.Build.0 = Debug|Any CPU
		{42653ABE-21BA-4124-98F2-CF01EF10A012}.Release|Any CPU.ActiveCfg = Release|Any CPU
		{42653ABE-21BA-4124-98F2-CF01EF10A012}.Release|Any CPU.Build.0 = Release|Any CPU
		{F29FF786-AEFE-48CB-A81D-99632AE81C68}.Debug|Any CPU.ActiveCfg = Debug|Any CPU
		{F29FF786-AEFE-48CB-A81D-99632AE81C68}.Debug|Any CPU.Build.0 = Debug|Any CPU
		{F29FF786-AEFE-48CB-A81D-99632AE81C68}.Release|Any CPU.ActiveCfg = Release|Any CPU
		{F29FF786-AEFE-48CB-A81D-99632AE81C68}.Release|Any CPU.Build.0 = Release|Any CPU
	EndGlobalSection
	GlobalSection(SolutionProperties) = preSolution
		HideSolutionNode = FALSE
	EndGlobalSection
	GlobalSection(ExtensibilityGlobals) = postSolution
		SolutionGuid = {798F5899-9AE1-4D78-96CE-61612BBB1341}
	EndGlobalSection
EndGlobal
